github.com/sam-caldwell/errors v1.0.6 h1:MCV8zJ2AciyvWh/AZU002YjaQQarAsNxV463rCPz88c=
github.com/sam-caldwell/errors v1.0.6/go.mod h1:lZIVGM3grlaHjtZziLfGruJvF1cP+QTERP5ZavehpX0=
github.com/sam-caldwell/types v1.0.2 h1:4fDbs1cLIt15/1bULZD3E1DNJqUhfgosQS1gdi4v6IY=
github.com/sam-caldwell/types v1.0.2/go.mod h1:FEGFiYX1yZlEXpXDcK0PRo4LRWVxT83vxtjUWPIPMKk=
